github.com/utkarshg42/gostarter v1.0.0 h1:pKC2f3WLr6UA0ySH34uAAVp5F+GjV3GO8j2xHcqdb+I=
github.com/utkarshg42/gostarter v1.0.0/go.mod h1:PpYxssaPxXtbjufxIxOC0u1sWYACQd8XpvC/gRw7chc=
github.com/utkarshg42/gostarter v1.0.1 h1:e4fOxex/LAc+d8kxW5+58/eBY9U1i0hTELOgQYtMmPs=
github.com/utkarshg42/gostarter v1.0.1/go.mod h1:PpYxssaPxXtbjufxIxOC0u1sWYACQd8XpvC/gRw7chc=
github.com/utkarshg42/gostarter v1.0.2 h1:xPtbKFcuoQuW4ArwJnfD2szd24hshl0KzoInNAIsUso=
github.com/utkarshg42/gostarter v1.0.2/go.mod h1:PpYxssaPxXtbjufxIxOC0u1sWYACQd8XpvC/gRw7chc=
github.com/utkarshg42/gostarter v1.0.4 h1:shLPcFnFlnsSmqHXNxDLwFtgoa5HTKpKS2Ihs2AP8DU=
github.com/utkarshg42/gostarter v1.0.4/go.mod h1:PpYxssaPxXtbjufxIxOC0u1sWYACQd8XpvC/gRw7chc=
